
Microsoft Visual Studio Solution File, Format Version 12.00
# Visual Studio Version 17
VisualStudioVersion = 17.10.35013.160
MinimumVisualStudioVersion = 10.0.40219.1
Project("{FAE04EC0-301F-11D3-BF4B-00C04F79EFBC}") = "WpfApp1", "WpfApp1\WpfApp1.csproj", "{8123402B-7676-4CC5-81FF-20A9C8C68E5E}"
EndProject
Global
	GlobalSection(SolutionConfigurationPlatforms) = preSolution
		Debug|Any CPU = Debug|Any CPU
		Release|Any CPU = Release|Any CPU
	EndGlobalSection
	GlobalSection(ProjectConfigurationPlatforms) = postSolution
		{8123402B-7676-4CC5-81FF-20A9C8C68E5E}.Debug|Any CPU.ActiveCfg = Debug|Any CPU
		{8123402B-7676-4CC5-81FF-20A9C8C68E5E}.Debug|Any CPU.Build.0 = Debug|Any CPU
		{8123402B-7676-4CC5-81FF-20A9C8C68E5E}.Release|Any CPU.ActiveCfg = Release|Any CPU
		{8123402B-7676-4CC5-81FF-20A9C8C68E5E}.Release|Any CPU.Build.0 = Release|Any CPU
	EndGlobalSection
	GlobalSection(SolutionProperties) = preSolution
		HideSolutionNode = FALSE
	EndGlobalSection
	GlobalSection(ExtensibilityGlobals) = postSolution
		SolutionGuid = {E0E4ABF5-E73B-42F4-A8C5-A418EFCE1A9A}
	EndGlobalSection
EndGlobal
